
Microsoft Visual Studio Solution File, Format Version 12.00
# Visual Studio Version 17
VisualStudioVersion = 17.5.33414.496
MinimumVisualStudioVersion = 10.0.40219.1
Project("{9A19103F-16F7-4668-BE54-9A1E7A4F7556}") = "Project", "Project\Project.csproj", "{7B88798F-762E-4CF9-B504-429D55486F64}"
EndProject
Project("{2150E333-8FDC-42A3-9474-1A3956D46DE8}") = "1. Presentation Layer", "1. Presentation Layer", "{7942E43F-AD90-4E01-A777-5831DB3E4A98}"
EndProject
Project("{2150E333-8FDC-42A3-9474-1A3956D46DE8}") = "2. Business Layer", "2. Business Layer", "{D7E4A6AC-67C9-48BF-821D-5A77C9118E89}"
EndProject
Project("{FAE04EC0-301F-11D3-BF4B-00C04F79EFBC}") = "BusinessObject", "BusinessObject\BusinessObject.csproj", "{E783C152-52AA-4087-A095-7754DEA4DCA2}"
EndProject
Global
	GlobalSection(SolutionConfigurationPlatforms) = preSolution
		Debug|Any CPU = Debug|Any CPU
		Release|Any CPU = Release|Any CPU
	EndGlobalSection
	GlobalSection(ProjectConfigurationPlatforms) = postSolution
		{7B88798F-762E-4CF9-B504-429D55486F64}.Debug|Any CPU.ActiveCfg = Debug|Any CPU
		{7B88798F-762E-4CF9-B504-429D55486F64}.Debug|Any CPU.Build.0 = Debug|Any CPU
		{7B88798F-762E-4CF9-B504-429D55486F64}.Release|Any CPU.ActiveCfg = Release|Any CPU
		{7B88798F-762E-4CF9-B504-429D55486F64}.Release|Any CPU.Build.0 = Release|Any CPU
		{E783C152-52AA-4087-A095-7754DEA4DCA2}.Debug|Any CPU.ActiveCfg = Debug|Any CPU
		{E783C152-52AA-4087-A095-7754DEA4DCA2}.Debug|Any CPU.Build.0 = Debug|Any CPU
		{E783C152-52AA-4087-A095-7754DEA4DCA2}.Release|Any CPU.ActiveCfg = Release|Any CPU
		{E783C152-52AA-4087-A095-7754DEA4DCA2}.Release|Any CPU.Build.0 = Release|Any CPU
	EndGlobalSection
	GlobalSection(SolutionProperties) = preSolution
		HideSolutionNode = FALSE
	EndGlobalSection
	GlobalSection(NestedProjects) = preSolution
		{7B88798F-762E-4CF9-B504-429D55486F64} = {7942E43F-AD90-4E01-A777-5831DB3E4A98}
		{E783C152-52AA-4087-A095-7754DEA4DCA2} = {D7E4A6AC-67C9-48BF-821D-5A77C9118E89}
	EndGlobalSection
	GlobalSection(ExtensibilityGlobals) = postSolution
		SolutionGuid = {A405AF21-A36F-4EA7-95CD-06B2EB1BF72C}
	EndGlobalSection
EndGlobal
